<?xml version="1.0" encoding="utf-8"?>
<Project ToolsVersion="4.0" xmlns="http://schemas.microsoft.com/developer/msbuild/2003">
  <ItemGroup>
    <Filter Include="res">
    </Filter>
    <Filter Include="src">
    </Filter>
    <Filter Include="res\shaders">
      <UniqueIdentifier>{f54d3628-f193-4138-97ca-0ca3b34480d0}</UniqueIdentifier>
    </Filter>
  </ItemGroup>
  <ItemGroup>
    <None Include="game.config" />
    <None Include="icon.png" />
    <None Include="bar-descriptor.xml" />
    <None Include="res\demo.fbx">
      <Filter>res</Filter>
    </None>
    <None Include="res\demo.gpb">
      <Filter>res</Filter>
    </None>
    <None Include="res\demo.material">
      <Filter>res</Filter>
    </None>
    <None Include="res\demo.scene">
      <Filter>res</Filter>
    </None>
    <None Include="res\shaders\colored.frag">
      <Filter>res\shaders</Filter>
    </None>
    <None Include="res\shaders\colored.vert">
      <Filter>res\shaders</Filter>
    </None>
    <None Include="res\shaders\font.frag">
      <Filter>res\shaders</Filter>
    </None>
    <None Include="res\shaders\font.vert">
      <Filter>res\shaders</Filter>
    </None>
    <None Include="res\shaders\form.frag">
      <Filter>res\shaders</Filter>
    </None>
    <None Include="res\shaders\form.vert">
      <Filter>res\shaders</Filter>
    </None>
    <None Include="res\shaders\lighting.frag">
      <Filter>res\shaders</Filter>
    </None>
    <None Include="res\shaders\lighting.vert">
      <Filter>res\shaders</Filter>
    </None>
    <None Include="res\shaders\skinning.vert">
      <Filter>res\shaders</Filter>
    </None>
    <None Include="res\shaders\skinning-none.vert">
      <Filter>res\shaders</Filter>
    </None>
    <None Include="res\shaders\sprite.frag">
      <Filter>res\shaders</Filter>
    </None>
    <None Include="res\shaders\sprite.vert">
      <Filter>res\shaders</Filter>
    </None>
    <None Include="res\shaders\terrain.frag">
      <Filter>res\shaders</Filter>
    </None>
    <None Include="res\shaders\terrain.vert">
      <Filter>res\shaders</Filter>
    </None>
    <None Include="res\shaders\textured.frag">
      <Filter>res\shaders</Filter>
    </None>
    <None Include="res\shaders\textured.vert">
      <Filter>res\shaders</Filter>
    </None>
    <None Include="src\Params.ini">
      <Filter>src</Filter>
    </None>
  </ItemGroup>
  <ItemGroup>
    <ClInclude Include="src\SoccerGame.h">
      <Filter>src</Filter>
    </ClInclude>
    <ClInclude Include="src\constants.h">
      <Filter>src</Filter>
    </ClInclude>
    <ClInclude Include="src\FieldPlayer.h">
      <Filter>src</Filter>
    </ClInclude>
    <ClInclude Include="src\FieldPlayerStates.h">
      <Filter>src</Filter>
    </ClInclude>
    <ClInclude Include="src\Goal.h">
      <Filter>src</Filter>
    </ClInclude>
    <ClInclude Include="src\Goalkeeper.h">
      <Filter>src</Filter>
    </ClInclude>
    <ClInclude Include="src\GoalKeeperStates.h">
      <Filter>src</Filter>
    </ClInclude>
    <ClInclude Include="src\ParamLoader.h">
      <Filter>src</Filter>
    </ClInclude>
    <ClInclude Include="src\PlayerBase.h">
      <Filter>src</Filter>
    </ClInclude>
    <ClInclude Include="src\resource.h">
      <Filter>src</Filter>
    </ClInclude>
    <ClInclude Include="src\SoccerBall.h">
      <Filter>src</Filter>
    </ClInclude>
    <ClInclude Include="src\SoccerMessages.h">
      <Filter>src</Filter>
    </ClInclude>
    <ClInclude Include="src\SoccerPitch.h">
      <Filter>src</Filter>
    </ClInclude>
    <ClInclude Include="src\SoccerTeam.h">
      <Filter>src</Filter>
    </ClInclude>
    <ClInclude Include="src\SteeringBehaviors.h">
      <Filter>src</Filter>
    </ClInclude>
    <ClInclude Include="src\SupportSpotCalculator.h">
      <Filter>src</Filter>
    </ClInclude>
    <ClInclude Include="src\TeamStates.h">
      <Filter>src</Filter>
    </ClInclude>
  </ItemGroup>
  <ItemGroup>
    <ClCompile Include="src\SoccerGame.cpp">
      <Filter>src</Filter>
    </ClCompile>
    <ClCompile Include="src\FieldPlayer.cpp">
      <Filter>src</Filter>
    </ClCompile>
    <ClCompile Include="src\FieldPlayerStates.cpp">
      <Filter>src</Filter>
    </ClCompile>
    <ClCompile Include="src\Goal.cpp">
      <Filter>src</Filter>
    </ClCompile>
    <ClCompile Include="src\Goalkeeper.cpp">
      <Filter>src</Filter>
    </ClCompile>
    <ClCompile Include="src\GoalKeeperStates.cpp">
      <Filter>src</Filter>
    </ClCompile>
    <ClCompile Include="src\ParamLoader.cpp">
      <Filter>src</Filter>
    </ClCompile>
    <ClCompile Include="src\PlayerBase.cpp">
      <Filter>src</Filter>
    </ClCompile>
    <ClCompile Include="src\SoccerBall.cpp">
      <Filter>src</Filter>
    </ClCompile>
    <ClCompile Include="src\SoccerMessages.cpp">
      <Filter>src</Filter>
    </ClCompile>
    <ClCompile Include="src\SoccerPitch.cpp">
      <Filter>src</Filter>
    </ClCompile>
    <ClCompile Include="src\SoccerTeam.cpp">
      <Filter>src</Filter>
    </ClCompile>
    <ClCompile Include="src\SteeringBehaviors.cpp">
      <Filter>src</Filter>
    </ClCompile>
    <ClCompile Include="src\SupportSpotCalculator.cpp">
      <Filter>src</Filter>
    </ClCompile>
    <ClCompile Include="src\TeamStates.cpp">
      <Filter>src</Filter>
    </ClCompile>
  </ItemGroup>
</Project>