// !$*UTF8*$!
{
	archiveVersion = 1;
	classes = {
	};
	objectVersion = 46;
	objects = {

/* Begin PBXBuildFile section */
		1DA065461A03C97F001BF331 /* Vector2D.cpp in Sources */ = {isa = PBXBuildFile; fileRef = 1DA065011A03C97F001BF331 /* Vector2D.cpp */; };
		1DA065471A03C97F001BF331 /* FieldPlayer.cpp in Sources */ = {isa = PBXBuildFile; fileRef = 1DA065061A03C97F001BF331 /* FieldPlayer.cpp */; };
		1DA065481A03C97F001BF331 /* FieldPlayerStates.cpp in Sources */ = {isa = PBXBuildFile; fileRef = 1DA065081A03C97F001BF331 /* FieldPlayerStates.cpp */; };
		1DA065491A03C97F001BF331 /* BaseGameEntity.cpp in Sources */ = {isa = PBXBuildFile; fileRef = 1DA0650E1A03C97F001BF331 /* BaseGameEntity.cpp */; };
		1DA0654A1A03C97F001BF331 /* EntityManager.cpp in Sources */ = {isa = PBXBuildFile; fileRef = 1DA065111A03C97F001BF331 /* EntityManager.cpp */; };
		1DA0654B1A03C97F001BF331 /* Goal.cpp in Sources */ = {isa = PBXBuildFile; fileRef = 1DA065151A03C97F001BF331 /* Goal.cpp */; };
		1DA0654C1A03C97F001BF331 /* Goalkeeper.cpp in Sources */ = {isa = PBXBuildFile; fileRef = 1DA065171A03C97F001BF331 /* Goalkeeper.cpp */; };
		1DA0654D1A03C97F001BF331 /* GoalKeeperStates.cpp in Sources */ = {isa = PBXBuildFile; fileRef = 1DA065191A03C97F001BF331 /* GoalKeeperStates.cpp */; };
		1DA0654E1A03C97F001BF331 /* Logger.cpp in Sources */ = {isa = PBXBuildFile; fileRef = 1DA0651B1A03C97F001BF331 /* Logger.cpp */; };
		1DA0654F1A03C97F001BF331 /* MessageDispatcher.cpp in Sources */ = {isa = PBXBuildFile; fileRef = 1DA0651E1A03C97F001BF331 /* MessageDispatcher.cpp */; };
		1DA065501A03C97F001BF331 /* FrameCounter.cpp in Sources */ = {isa = PBXBuildFile; fileRef = 1DA065241A03C97F001BF331 /* FrameCounter.cpp */; };
		1DA065511A03C97F001BF331 /* iniFileLoaderBase.cpp in Sources */ = {isa = PBXBuildFile; fileRef = 1DA065261A03C97F001BF331 /* iniFileLoaderBase.cpp */; };
		1DA065521A03C97F001BF331 /* ParamLoader.cpp in Sources */ = {isa = PBXBuildFile; fileRef = 1DA0652D1A03C97F001BF331 /* ParamLoader.cpp */; };
		1DA065531A03C97F001BF331 /* PlayerBase.cpp in Sources */ = {isa = PBXBuildFile; fileRef = 1DA0652F1A03C97F001BF331 /* PlayerBase.cpp */; };
		1DA065541A03C97F001BF331 /* SoccerBall.cpp in Sources */ = {isa = PBXBuildFile; fileRef = 1DA065321A03C97F001BF331 /* SoccerBall.cpp */; };
		1DA065551A03C97F001BF331 /* SoccerMessages.cpp in Sources */ = {isa = PBXBuildFile; fileRef = 1DA065341A03C97F001BF331 /* SoccerMessages.cpp */; };
		1DA065561A03C97F001BF331 /* SoccerPitch.cpp in Sources */ = {isa = PBXBuildFile; fileRef = 1DA065361A03C97F001BF331 /* SoccerPitch.cpp */; };
		1DA065571A03C97F001BF331 /* SoccerTeam.cpp in Sources */ = {isa = PBXBuildFile; fileRef = 1DA065381A03C97F001BF331 /* SoccerTeam.cpp */; };
		1DA065581A03C97F001BF331 /* SteeringBehaviors.cpp in Sources */ = {isa = PBXBuildFile; fileRef = 1DA0653A1A03C97F001BF331 /* SteeringBehaviors.cpp */; };
		1DA065591A03C97F001BF331 /* SupportSpotCalculator.cpp in Sources */ = {isa = PBXBuildFile; fileRef = 1DA0653C1A03C97F001BF331 /* SupportSpotCalculator.cpp */; };
		1DA0655A1A03C97F001BF331 /* TeamStates.cpp in Sources */ = {isa = PBXBuildFile; fileRef = 1DA0653E1A03C97F001BF331 /* TeamStates.cpp */; };
		42049B5816ADBB61005DD1F9 /* CoreMotion.framework in Frameworks */ = {isa = PBXBuildFile; fileRef = 42049B5216ADBB61005DD1F9 /* CoreMotion.framework */; };
		42049B5916ADBB61005DD1F9 /* Foundation.framework in Frameworks */ = {isa = PBXBuildFile; fileRef = 42049B5316ADBB61005DD1F9 /* Foundation.framework */; };
		42049B5A16ADBB61005DD1F9 /* OpenAL.framework in Frameworks */ = {isa = PBXBuildFile; fileRef = 42049B5416ADBB61005DD1F9 /* OpenAL.framework */; };
		42049B5B16ADBB61005DD1F9 /* OpenGLES.framework in Frameworks */ = {isa = PBXBuildFile; fileRef = 42049B5516ADBB61005DD1F9 /* OpenGLES.framework */; };
		42049B5C16ADBB61005DD1F9 /* QuartzCore.framework in Frameworks */ = {isa = PBXBuildFile; fileRef = 42049B5616ADBB61005DD1F9 /* QuartzCore.framework */; };
		42049B5D16ADBB61005DD1F9 /* UIKit.framework in Frameworks */ = {isa = PBXBuildFile; fileRef = 42049B5716ADBB61005DD1F9 /* UIKit.framework */; };
		42049B5F16ADBBF5005DD1F9 /* libz.dylib in Frameworks */ = {isa = PBXBuildFile; fileRef = 42049B5E16ADBBF5005DD1F9 /* libz.dylib */; };
		42049B6516ADBC47005DD1F9 /* liblua.a in Frameworks */ = {isa = PBXBuildFile; fileRef = 42049B6416ADBC47005DD1F9 /* liblua.a */; };
		42049B6A16ADBC63005DD1F9 /* libogg.a in Frameworks */ = {isa = PBXBuildFile; fileRef = 42049B6616ADBC63005DD1F9 /* libogg.a */; };
		42049B6B16ADBC63005DD1F9 /* libvorbis.a in Frameworks */ = {isa = PBXBuildFile; fileRef = 42049B6716ADBC63005DD1F9 /* libvorbis.a */; };
		42049B6F16ADBC7A005DD1F9 /* libpng.a in Frameworks */ = {isa = PBXBuildFile; fileRef = 42049B6E16ADBC7A005DD1F9 /* libpng.a */; };
		42049B7116ADBC8B005DD1F9 /* libpng.a in Frameworks */ = {isa = PBXBuildFile; fileRef = 42049B7016ADBC8B005DD1F9 /* libpng.a */; };
		42049B7316ADBCAB005DD1F9 /* liblua.a in Frameworks */ = {isa = PBXBuildFile; fileRef = 42049B7216ADBCAB005DD1F9 /* liblua.a */; };
		42049B7816ADBCC3005DD1F9 /* libogg.a in Frameworks */ = {isa = PBXBuildFile; fileRef = 42049B7416ADBCC3005DD1F9 /* libogg.a */; };
		42049B7916ADBCC3005DD1F9 /* libvorbis.a in Frameworks */ = {isa = PBXBuildFile; fileRef = 42049B7516ADBCC3005DD1F9 /* libvorbis.a */; };
		42049B7D16ADBCDB005DD1F9 /* Default-568h@2x.png in Resources */ = {isa = PBXBuildFile; fileRef = 42049B7C16ADBCDB005DD1F9 /* Default-568h@2x.png */; };
		420EBD2E195534910067FBAD /* libBulletCollision.a in Frameworks */ = {isa = PBXBuildFile; fileRef = 420EBD2B195534910067FBAD /* libBulletCollision.a */; };
		420EBD2F195534910067FBAD /* libBulletDynamics.a in Frameworks */ = {isa = PBXBuildFile; fileRef = 420EBD2C195534910067FBAD /* libBulletDynamics.a */; };
		420EBD30195534910067FBAD /* libLinearMath.a in Frameworks */ = {isa = PBXBuildFile; fileRef = 420EBD2D195534910067FBAD /* libLinearMath.a */; };
		421090FA1829A5AE00761E40 /* GameKit.framework in Frameworks */ = {isa = PBXBuildFile; fileRef = 421090F91829A5AE00761E40 /* GameKit.framework */; };
		421090FC1829A5BF00761E40 /* GameKit.framework in Frameworks */ = {isa = PBXBuildFile; fileRef = 421090FB1829A5BF00761E40 /* GameKit.framework */; };
		421539CA16ADC583001308A3 /* libgameplay.a in Frameworks */ = {isa = PBXBuildFile; fileRef = 421539C916ADC583001308A3 /* libgameplay.a */; };
		422E8EFE19586822001DE81F /* libBulletCollision.a in Frameworks */ = {isa = PBXBuildFile; fileRef = 422E8EFB19586822001DE81F /* libBulletCollision.a */; };
		422E8EFF19586822001DE81F /* libBulletDynamics.a in Frameworks */ = {isa = PBXBuildFile; fileRef = 422E8EFC19586822001DE81F /* libBulletDynamics.a */; };
		422E8F0019586822001DE81F /* libLinearMath.a in Frameworks */ = {isa = PBXBuildFile; fileRef = 422E8EFD19586822001DE81F /* libLinearMath.a */; };
		424CC03C161FCBDD00577827 /* IOKit.framework in Frameworks */ = {isa = PBXBuildFile; fileRef = 424CC03B161FCBDD00577827 /* IOKit.framework */; };
		428F7BDE15CB131A009ED24C /* game.config in Resources */ = {isa = PBXBuildFile; fileRef = 428F7BDD15CB131A009ED24C /* game.config */; };
		42C932C11491A0DB0098216A /* Cocoa.framework in Frameworks */ = {isa = PBXBuildFile; fileRef = 42C932C01491A0DB0098216A /* Cocoa.framework */; };
		42C932EE1491A4CB0098216A /* icon.png in Resources */ = {isa = PBXBuildFile; fileRef = 42C932ED1491A4CB0098216A /* icon.png */; };
		42C932F11491A5160098216A /* SimpleSoccer.cpp in Sources */ = {isa = PBXBuildFile; fileRef = 42C932EF1491A5160098216A /* SimpleSoccer.cpp */; };
		42C932F31491A53E0098216A /* res in Resources */ = {isa = PBXBuildFile; fileRef = 42C932F21491A53E0098216A /* res */; };
		42C933171491A5EB0098216A /* OpenGL.framework in Frameworks */ = {isa = PBXBuildFile; fileRef = 42C933161491A5EB0098216A /* OpenGL.framework */; };
		42C9331D1491A6750098216A /* QuartzCore.framework in Frameworks */ = {isa = PBXBuildFile; fileRef = 42C9331C1491A6750098216A /* QuartzCore.framework */; };
		42C9331F1491A67F0098216A /* OpenAL.framework in Frameworks */ = {isa = PBXBuildFile; fileRef = 42C9331E1491A67F0098216A /* OpenAL.framework */; };
		42C9332F1491A78D0098216A /* libz.dylib in Frameworks */ = {isa = PBXBuildFile; fileRef = 42C9332D1491A7810098216A /* libz.dylib */; };
		5B61611614CCC24C0073B857 /* SimpleSoccer.cpp in Sources */ = {isa = PBXBuildFile; fileRef = 42C932EF1491A5160098216A /* SimpleSoccer.cpp */; };
		5B61612614CCC24C0073B857 /* icon.png in Resources */ = {isa = PBXBuildFile; fileRef = 42C932ED1491A4CB0098216A /* icon.png */; };
		5B61612714CCC24C0073B857 /* res in Resources */ = {isa = PBXBuildFile; fileRef = 42C932F21491A53E0098216A /* res */; };
		BDBFA8611883491700342B78 /* libgameplay.a in Frameworks */ = {isa = PBXBuildFile; fileRef = BDBFA85E188347B000342B78 /* libgameplay.a */; };
/* End PBXBuildFile section */

/* Begin PBXContainerItemProxy section */
		BDBFA85B188347B000342B78 /* PBXContainerItemProxy */ = {
			isa = PBXContainerItemProxy;
			containerPortal = 5BC4E77F150F879E00CBE1C0 /* gameplay.xcodeproj */;
			proxyType = 2;
			remoteGlobalIDString = 4234D99A14686C52003031B3;
			remoteInfo = "gameplay-macosx";
		};
		BDBFA85D188347B000342B78 /* PBXContainerItemProxy */ = {
			isa = PBXContainerItemProxy;
			containerPortal = 5BC4E77F150F879E00CBE1C0 /* gameplay.xcodeproj */;
			proxyType = 2;
			remoteGlobalIDString = 5B04C5CA14BFCFE100EB0071;
			remoteInfo = "gameplay-ios";
		};
		BDBFA85F1883490A00342B78 /* PBXContainerItemProxy */ = {
			isa = PBXContainerItemProxy;
			containerPortal = 5BC4E77F150F879E00CBE1C0 /* gameplay.xcodeproj */;
			proxyType = 1;
			remoteGlobalIDString = 5B04C52B14BFCFE100EB0071;
			remoteInfo = "gameplay-ios";
		};
/* End PBXContainerItemProxy section */

/* Begin PBXFileReference section */
		1DA064FD1A03C97F001BF331 /* C2DMatrix.h */ = {isa = PBXFileReference; fileEncoding = 4; lastKnownFileType = sourcecode.c.h; path = C2DMatrix.h; sourceTree = "<group>"; };
		1DA064FE1A03C97F001BF331 /* Geometry.h */ = {isa = PBXFileReference; fileEncoding = 4; lastKnownFileType = sourcecode.c.h; path = Geometry.h; sourceTree = "<group>"; };
		1DA064FF1A03C97F001BF331 /* InvertedAABBox2D.h */ = {isa = PBXFileReference; fileEncoding = 4; lastKnownFileType = sourcecode.c.h; path = InvertedAABBox2D.h; sourceTree = "<group>"; };
		1DA065001A03C97F001BF331 /* Transformations.h */ = {isa = PBXFileReference; fileEncoding = 4; lastKnownFileType = sourcecode.c.h; path = Transformations.h; sourceTree = "<group>"; };
		1DA065011A03C97F001BF331 /* Vector2D.cpp */ = {isa = PBXFileReference; fileEncoding = 4; lastKnownFileType = sourcecode.cpp.cpp; path = Vector2D.cpp; sourceTree = "<group>"; };
		1DA065021A03C97F001BF331 /* Vector2D.h */ = {isa = PBXFileReference; fileEncoding = 4; lastKnownFileType = sourcecode.c.h; path = Vector2D.h; sourceTree = "<group>"; };
		1DA065031A03C97F001BF331 /* Wall2D.h */ = {isa = PBXFileReference; fileEncoding = 4; lastKnownFileType = sourcecode.c.h; path = Wall2D.h; sourceTree = "<group>"; };
		1DA065041A03C97F001BF331 /* WallIntersectionTests.h */ = {isa = PBXFileReference; fileEncoding = 4; lastKnownFileType = sourcecode.c.h; path = WallIntersectionTests.h; sourceTree = "<group>"; };
		1DA065051A03C97F001BF331 /* constants.h */ = {isa = PBXFileReference; fileEncoding = 4; lastKnownFileType = sourcecode.c.h; path = constants.h; sourceTree = "<group>"; };
		1DA065061A03C97F001BF331 /* FieldPlayer.cpp */ = {isa = PBXFileReference; fileEncoding = 4; lastKnownFileType = sourcecode.cpp.cpp; path = FieldPlayer.cpp; sourceTree = "<group>"; };
		1DA065071A03C97F001BF331 /* FieldPlayer.h */ = {isa = PBXFileReference; fileEncoding = 4; lastKnownFileType = sourcecode.c.h; path = FieldPlayer.h; sourceTree = "<group>"; };
		1DA065081A03C97F001BF331 /* FieldPlayerStates.cpp */ = {isa = PBXFileReference; fileEncoding = 4; lastKnownFileType = sourcecode.cpp.cpp; path = FieldPlayerStates.cpp; sourceTree = "<group>"; };
		1DA065091A03C97F001BF331 /* FieldPlayerStates.h */ = {isa = PBXFileReference; fileEncoding = 4; lastKnownFileType = sourcecode.c.h; path = FieldPlayerStates.h; sourceTree = "<group>"; };
		1DA0650B1A03C97F001BF331 /* State.h */ = {isa = PBXFileReference; fileEncoding = 4; lastKnownFileType = sourcecode.c.h; path = State.h; sourceTree = "<group>"; };
		1DA0650C1A03C97F001BF331 /* StateMachine.h */ = {isa = PBXFileReference; fileEncoding = 4; lastKnownFileType = sourcecode.c.h; path = StateMachine.h; sourceTree = "<group>"; };
		1DA0650E1A03C97F001BF331 /* BaseGameEntity.cpp */ = {isa = PBXFileReference; fileEncoding = 4; lastKnownFileType = sourcecode.cpp.cpp; path = BaseGameEntity.cpp; sourceTree = "<group>"; };
		1DA0650F1A03C97F001BF331 /* BaseGameEntity.h */ = {isa = PBXFileReference; fileEncoding = 4; lastKnownFileType = sourcecode.c.h; path = BaseGameEntity.h; sourceTree = "<group>"; };
		1DA065101A03C97F001BF331 /* EntityFunctionTemplates.h */ = {isa = PBXFileReference; fileEncoding = 4; lastKnownFileType = sourcecode.c.h; path = EntityFunctionTemplates.h; sourceTree = "<group>"; };
		1DA065111A03C97F001BF331 /* EntityManager.cpp */ = {isa = PBXFileReference; fileEncoding = 4; lastKnownFileType = sourcecode.cpp.cpp; path = EntityManager.cpp; sourceTree = "<group>"; };
		1DA065121A03C97F001BF331 /* EntityManager.h */ = {isa = PBXFileReference; fileEncoding = 4; lastKnownFileType = sourcecode.c.h; path = EntityManager.h; sourceTree = "<group>"; };
		1DA065131A03C97F001BF331 /* MovingEntity.h */ = {isa = PBXFileReference; fileEncoding = 4; lastKnownFileType = sourcecode.c.h; path = MovingEntity.h; sourceTree = "<group>"; };
		1DA065141A03C97F001BF331 /* Region.h */ = {isa = PBXFileReference; fileEncoding = 4; lastKnownFileType = sourcecode.c.h; path = Region.h; sourceTree = "<group>"; };
		1DA065151A03C97F001BF331 /* Goal.cpp */ = {isa = PBXFileReference; fileEncoding = 4; lastKnownFileType = sourcecode.cpp.cpp; path = Goal.cpp; sourceTree = "<group>"; };
		1DA065161A03C97F001BF331 /* Goal.h */ = {isa = PBXFileReference; fileEncoding = 4; lastKnownFileType = sourcecode.c.h; path = Goal.h; sourceTree = "<group>"; };
		1DA065171A03C97F001BF331 /* Goalkeeper.cpp */ = {isa = PBXFileReference; fileEncoding = 4; lastKnownFileType = sourcecode.cpp.cpp; path = Goalkeeper.cpp; sourceTree = "<group>"; };
		1DA065181A03C97F001BF331 /* Goalkeeper.h */ = {isa = PBXFileReference; fileEncoding = 4; lastKnownFileType = sourcecode.c.h; path = Goalkeeper.h; sourceTree = "<group>"; };
		1DA065191A03C97F001BF331 /* GoalKeeperStates.cpp */ = {isa = PBXFileReference; fileEncoding = 4; lastKnownFileType = sourcecode.cpp.cpp; path = GoalKeeperStates.cpp; sourceTree = "<group>"; };
		1DA0651A1A03C97F001BF331 /* GoalKeeperStates.h */ = {isa = PBXFileReference; fileEncoding = 4; lastKnownFileType = sourcecode.c.h; path = GoalKeeperStates.h; sourceTree = "<group>"; };
		1DA0651B1A03C97F001BF331 /* Logger.cpp */ = {isa = PBXFileReference; fileEncoding = 4; lastKnownFileType = sourcecode.cpp.cpp; path = Logger.cpp; sourceTree = "<group>"; };
		1DA0651C1A03C97F001BF331 /* Logger.h */ = {isa = PBXFileReference; fileEncoding = 4; lastKnownFileType = sourcecode.c.h; path = Logger.h; sourceTree = "<group>"; };
		1DA0651E1A03C97F001BF331 /* MessageDispatcher.cpp */ = {isa = PBXFileReference; fileEncoding = 4; lastKnownFileType = sourcecode.cpp.cpp; path = MessageDispatcher.cpp; sourceTree = "<group>"; };
		1DA0651F1A03C97F001BF331 /* MessageDispatcher.h */ = {isa = PBXFileReference; fileEncoding = 4; lastKnownFileType = sourcecode.c.h; path = MessageDispatcher.h; sourceTree = "<group>"; };
		1DA065201A03C97F001BF331 /* Telegram.h */ = {isa = PBXFileReference; fileEncoding = 4; lastKnownFileType = sourcecode.c.h; path = Telegram.h; sourceTree = "<group>"; };
		1DA065221A03C97F001BF331 /* autolist.h */ = {isa = PBXFileReference; fileEncoding = 4; lastKnownFileType = sourcecode.c.h; path = autolist.h; sourceTree = "<group>"; };
		1DA065231A03C97F001BF331 /* CellSpacePartition.h */ = {isa = PBXFileReference; fileEncoding = 4; lastKnownFileType = sourcecode.c.h; path = CellSpacePartition.h; sourceTree = "<group>"; };
		1DA065241A03C97F001BF331 /* FrameCounter.cpp */ = {isa = PBXFileReference; fileEncoding = 4; lastKnownFileType = sourcecode.cpp.cpp; path = FrameCounter.cpp; sourceTree = "<group>"; };
		1DA065251A03C97F001BF331 /* FrameCounter.h */ = {isa = PBXFileReference; fileEncoding = 4; lastKnownFileType = sourcecode.c.h; path = FrameCounter.h; sourceTree = "<group>"; };
		1DA065261A03C97F001BF331 /* iniFileLoaderBase.cpp */ = {isa = PBXFileReference; fileEncoding = 4; lastKnownFileType = sourcecode.cpp.cpp; path = iniFileLoaderBase.cpp; sourceTree = "<group>"; };
		1DA065271A03C97F001BF331 /* iniFileLoaderBase.h */ = {isa = PBXFileReference; fileEncoding = 4; lastKnownFileType = sourcecode.c.h; path = iniFileLoaderBase.h; sourceTree = "<group>"; };
		1DA065281A03C97F001BF331 /* PriorityQueue.h */ = {isa = PBXFileReference; fileEncoding = 4; lastKnownFileType = sourcecode.c.h; path = PriorityQueue.h; sourceTree = "<group>"; };
		1DA065291A03C97F001BF331 /* Smoother.h */ = {isa = PBXFileReference; fileEncoding = 4; lastKnownFileType = sourcecode.c.h; path = Smoother.h; sourceTree = "<group>"; };
		1DA0652A1A03C97F001BF331 /* Stream_Utility_Functions.h */ = {isa = PBXFileReference; fileEncoding = 4; lastKnownFileType = sourcecode.c.h; path = Stream_Utility_Functions.h; sourceTree = "<group>"; };
		1DA0652B1A03C97F001BF331 /* TypeToString.h */ = {isa = PBXFileReference; fileEncoding = 4; lastKnownFileType = sourcecode.c.h; path = TypeToString.h; sourceTree = "<group>"; };
		1DA0652C1A03C97F001BF331 /* utils.h */ = {isa = PBXFileReference; fileEncoding = 4; lastKnownFileType = sourcecode.c.h; path = utils.h; sourceTree = "<group>"; };
		1DA0652D1A03C97F001BF331 /* ParamLoader.cpp */ = {isa = PBXFileReference; fileEncoding = 4; lastKnownFileType = sourcecode.cpp.cpp; path = ParamLoader.cpp; sourceTree = "<group>"; };
		1DA0652E1A03C97F001BF331 /* ParamLoader.h */ = {isa = PBXFileReference; fileEncoding = 4; lastKnownFileType = sourcecode.c.h; path = ParamLoader.h; sourceTree = "<group>"; };
		1DA0652F1A03C97F001BF331 /* PlayerBase.cpp */ = {isa = PBXFileReference; fileEncoding = 4; lastKnownFileType = sourcecode.cpp.cpp; path = PlayerBase.cpp; sourceTree = "<group>"; };
		1DA065301A03C97F001BF331 /* PlayerBase.h */ = {isa = PBXFileReference; fileEncoding = 4; lastKnownFileType = sourcecode.c.h; path = PlayerBase.h; sourceTree = "<group>"; };
		1DA065311A03C97F001BF331 /* resource.h */ = {isa = PBXFileReference; fileEncoding = 4; lastKnownFileType = sourcecode.c.h; path = resource.h; sourceTree = "<group>"; };
		1DA065321A03C97F001BF331 /* SoccerBall.cpp */ = {isa = PBXFileReference; fileEncoding = 4; lastKnownFileType = sourcecode.cpp.cpp; path = SoccerBall.cpp; sourceTree = "<group>"; };
		1DA065331A03C97F001BF331 /* SoccerBall.h */ = {isa = PBXFileReference; fileEncoding = 4; lastKnownFileType = sourcecode.c.h; path = SoccerBall.h; sourceTree = "<group>"; };
		1DA065341A03C97F001BF331 /* SoccerMessages.cpp */ = {isa = PBXFileReference; fileEncoding = 4; lastKnownFileType = sourcecode.cpp.cpp; path = SoccerMessages.cpp; sourceTree = "<group>"; };
		1DA065351A03C97F001BF331 /* SoccerMessages.h */ = {isa = PBXFileReference; fileEncoding = 4; lastKnownFileType = sourcecode.c.h; path = SoccerMessages.h; sourceTree = "<group>"; };
		1DA065361A03C97F001BF331 /* SoccerPitch.cpp */ = {isa = PBXFileReference; fileEncoding = 4; lastKnownFileType = sourcecode.cpp.cpp; path = SoccerPitch.cpp; sourceTree = "<group>"; };
		1DA065371A03C97F001BF331 /* SoccerPitch.h */ = {isa = PBXFileReference; fileEncoding = 4; lastKnownFileType = sourcecode.c.h; path = SoccerPitch.h; sourceTree = "<group>"; };
		1DA065381A03C97F001BF331 /* SoccerTeam.cpp */ = {isa = PBXFileReference; fileEncoding = 4; lastKnownFileType = sourcecode.cpp.cpp; path = SoccerTeam.cpp; sourceTree = "<group>"; };
		1DA065391A03C97F001BF331 /* SoccerTeam.h */ = {isa = PBXFileReference; fileEncoding = 4; lastKnownFileType = sourcecode.c.h; path = SoccerTeam.h; sourceTree = "<group>"; };
		1DA0653A1A03C97F001BF331 /* SteeringBehaviors.cpp */ = {isa = PBXFileReference; fileEncoding = 4; lastKnownFileType = sourcecode.cpp.cpp; path = SteeringBehaviors.cpp; sourceTree = "<group>"; };
		1DA0653B1A03C97F001BF331 /* SteeringBehaviors.h */ = {isa = PBXFileReference; fileEncoding = 4; lastKnownFileType = sourcecode.c.h; path = SteeringBehaviors.h; sourceTree = "<group>"; };
		1DA0653C1A03C97F001BF331 /* SupportSpotCalculator.cpp */ = {isa = PBXFileReference; fileEncoding = 4; lastKnownFileType = sourcecode.cpp.cpp; path = SupportSpotCalculator.cpp; sourceTree = "<group>"; };
		1DA0653D1A03C97F001BF331 /* SupportSpotCalculator.h */ = {isa = PBXFileReference; fileEncoding = 4; lastKnownFileType = sourcecode.c.h; path = SupportSpotCalculator.h; sourceTree = "<group>"; };
		1DA0653E1A03C97F001BF331 /* TeamStates.cpp */ = {isa = PBXFileReference; fileEncoding = 4; lastKnownFileType = sourcecode.cpp.cpp; path = TeamStates.cpp; sourceTree = "<group>"; };
		1DA0653F1A03C97F001BF331 /* TeamStates.h */ = {isa = PBXFileReference; fileEncoding = 4; lastKnownFileType = sourcecode.c.h; path = TeamStates.h; sourceTree = "<group>"; };
		1DA065601A03F973001BF331 /* Regulator.h */ = {isa = PBXFileReference; fileEncoding = 4; lastKnownFileType = sourcecode.c.h; path = Regulator.h; sourceTree = "<group>"; };
		42049B5216ADBB61005DD1F9 /* CoreMotion.framework */ = {isa = PBXFileReference; lastKnownFileType = wrapper.framework; name = CoreMotion.framework; path = Platforms/iPhoneOS.platform/Developer/SDKs/iPhoneOS7.1.sdk/System/Library/Frameworks/CoreMotion.framework; sourceTree = DEVELOPER_DIR; };
		42049B5316ADBB61005DD1F9 /* Foundation.framework */ = {isa = PBXFileReference; lastKnownFileType = wrapper.framework; name = Foundation.framework; path = Platforms/iPhoneOS.platform/Developer/SDKs/iPhoneOS7.1.sdk/System/Library/Frameworks/Foundation.framework; sourceTree = DEVELOPER_DIR; };
		42049B5416ADBB61005DD1F9 /* OpenAL.framework */ = {isa = PBXFileReference; lastKnownFileType = wrapper.framework; name = OpenAL.framework; path = Platforms/iPhoneOS.platform/Developer/SDKs/iPhoneOS7.1.sdk/System/Library/Frameworks/OpenAL.framework; sourceTree = DEVELOPER_DIR; };
		42049B5516ADBB61005DD1F9 /* OpenGLES.framework */ = {isa = PBXFileReference; lastKnownFileType = wrapper.framework; name = OpenGLES.framework; path = Platforms/iPhoneOS.platform/Developer/SDKs/iPhoneOS7.1.sdk/System/Library/Frameworks/OpenGLES.framework; sourceTree = DEVELOPER_DIR; };
		42049B5616ADBB61005DD1F9 /* QuartzCore.framework */ = {isa = PBXFileReference; lastKnownFileType = wrapper.framework; name = QuartzCore.framework; path = Platforms/iPhoneOS.platform/Developer/SDKs/iPhoneOS7.1.sdk/System/Library/Frameworks/QuartzCore.framework; sourceTree = DEVELOPER_DIR; };
		42049B5716ADBB61005DD1F9 /* UIKit.framework */ = {isa = PBXFileReference; lastKnownFileType = wrapper.framework; name = UIKit.framework; path = Platforms/iPhoneOS.platform/Developer/SDKs/iPhoneOS7.1.sdk/System/Library/Frameworks/UIKit.framework; sourceTree = DEVELOPER_DIR; };
		42049B5E16ADBBF5005DD1F9 /* libz.dylib */ = {isa = PBXFileReference; lastKnownFileType = "compiled.mach-o.dylib"; name = libz.dylib; path = Platforms/iPhoneOS.platform/Developer/SDKs/iPhoneOS7.1.sdk/usr/lib/libz.dylib; sourceTree = DEVELOPER_DIR; };
		42049B6416ADBC47005DD1F9 /* liblua.a */ = {isa = PBXFileReference; lastKnownFileType = archive.ar; name = liblua.a; path = "../../../../blackberry/GamePlay/external-deps/lua/lib/macosx/x64/liblua.a"; sourceTree = "<group>"; };
		42049B6616ADBC63005DD1F9 /* libogg.a */ = {isa = PBXFileReference; lastKnownFileType = archive.ar; name = libogg.a; path = "../../../../blackberry/GamePlay/external-deps/ogg/lib/macosx/x64/libogg.a"; sourceTree = "<group>"; };
		42049B6716ADBC63005DD1F9 /* libvorbis.a */ = {isa = PBXFileReference; lastKnownFileType = archive.ar; name = libvorbis.a; path = "../../../../blackberry/GamePlay/external-deps/vorbis/lib/macosx/x64/libvorbis.a"; sourceTree = "<group>"; };
		42049B6E16ADBC7A005DD1F9 /* libpng.a */ = {isa = PBXFileReference; lastKnownFileType = archive.ar; name = libpng.a; path = "../../../../blackberry/GamePlay/external-deps/png/lib/macosx/x64/libpng.a"; sourceTree = "<group>"; };
		42049B7016ADBC8B005DD1F9 /* libpng.a */ = {isa = PBXFileReference; lastKnownFileType = archive.ar; name = libpng.a; path = "../../../../blackberry/GamePlay/external-deps/png/lib/ios/armv7s/libpng.a"; sourceTree = "<group>"; };
		42049B7216ADBCAB005DD1F9 /* liblua.a */ = {isa = PBXFileReference; lastKnownFileType = archive.ar; name = liblua.a; path = "../../../../blackberry/GamePlay/external-deps/lua/lib/ios/armv7s/liblua.a"; sourceTree = "<group>"; };
		42049B7416ADBCC3005DD1F9 /* libogg.a */ = {isa = PBXFileReference; lastKnownFileType = archive.ar; name = libogg.a; path = "../../../../blackberry/GamePlay/external-deps/ogg/lib/ios/armv7/libogg.a"; sourceTree = "<group>"; };
		42049B7516ADBCC3005DD1F9 /* libvorbis.a */ = {isa = PBXFileReference; lastKnownFileType = archive.ar; name = libvorbis.a; path = "../../../../blackberry/GamePlay/external-deps/vorbis/lib/ios/armv7s/libvorbis.a"; sourceTree = "<group>"; };
		42049B7C16ADBCDB005DD1F9 /* Default-568h@2x.png */ = {isa = PBXFileReference; lastKnownFileType = image.png; path = "Default-568h@2x.png"; sourceTree = "<group>"; };
		420EBD2B195534910067FBAD /* libBulletCollision.a */ = {isa = PBXFileReference; lastKnownFileType = archive.ar; name = libBulletCollision.a; path = "../../../../blackberry/GamePlay/external-deps/bullet/lib/macosx/x64/libBulletCollision.a"; sourceTree = "<group>"; };
		420EBD2C195534910067FBAD /* libBulletDynamics.a */ = {isa = PBXFileReference; lastKnownFileType = archive.ar; name = libBulletDynamics.a; path = "../../../../blackberry/GamePlay/external-deps/bullet/lib/macosx/x64/libBulletDynamics.a"; sourceTree = "<group>"; };
		420EBD2D195534910067FBAD /* libLinearMath.a */ = {isa = PBXFileReference; lastKnownFileType = archive.ar; name = libLinearMath.a; path = "../../../../blackberry/GamePlay/external-deps/bullet/lib/macosx/x64/libLinearMath.a"; sourceTree = "<group>"; };
		421090F91829A5AE00761E40 /* GameKit.framework */ = {isa = PBXFileReference; lastKnownFileType = wrapper.framework; name = GameKit.framework; path = System/Library/Frameworks/GameKit.framework; sourceTree = SDKROOT; };
		421090FB1829A5BF00761E40 /* GameKit.framework */ = {isa = PBXFileReference; lastKnownFileType = wrapper.framework; name = GameKit.framework; path = Platforms/iPhoneOS.platform/Developer/SDKs/iPhoneOS7.1.sdk/System/Library/Frameworks/GameKit.framework; sourceTree = DEVELOPER_DIR; };
		421539C916ADC583001308A3 /* libgameplay.a */ = {isa = PBXFileReference; lastKnownFileType = archive.ar; name = libgameplay.a; path = "~/Library/Developer/Xcode/DerivedData/gameplay-exiunaubxxjndaapmcqkaoeboiob/Build/Products/Debug/libgameplay.a"; sourceTree = "<group>"; };
		421539CC16ADC592001308A3 /* libgameplay.a */ = {isa = PBXFileReference; lastKnownFileType = archive.ar; name = libgameplay.a; path = "~/Library/Developer/Xcode/DerivedData/gameplay-exiunaubxxjndaapmcqkaoeboiob/Build/Products/Debug-iphoneos/libgameplay.a"; sourceTree = "<group>"; };
		422E8EFB19586822001DE81F /* libBulletCollision.a */ = {isa = PBXFileReference; lastKnownFileType = archive.ar; name = libBulletCollision.a; path = "../../../../blackberry/GamePlay/external-deps/bullet/lib/ios/armv7s/libBulletCollision.a"; sourceTree = "<group>"; };
		422E8EFC19586822001DE81F /* libBulletDynamics.a */ = {isa = PBXFileReference; lastKnownFileType = archive.ar; name = libBulletDynamics.a; path = "../../../../blackberry/GamePlay/external-deps/bullet/lib/ios/armv7s/libBulletDynamics.a"; sourceTree = "<group>"; };
		422E8EFD19586822001DE81F /* libLinearMath.a */ = {isa = PBXFileReference; lastKnownFileType = archive.ar; name = libLinearMath.a; path = "../../../../blackberry/GamePlay/external-deps/bullet/lib/ios/armv7s/libLinearMath.a"; sourceTree = "<group>"; };
		424CC03B161FCBDD00577827 /* IOKit.framework */ = {isa = PBXFileReference; lastKnownFileType = wrapper.framework; name = IOKit.framework; path = System/Library/Frameworks/IOKit.framework; sourceTree = SDKROOT; };
		428F7BDD15CB131A009ED24C /* game.config */ = {isa = PBXFileReference; fileEncoding = 4; lastKnownFileType = text; path = game.config; sourceTree = "<group>"; };
		42C932BC1491A0DB0098216A /* soccer-macosx.app */ = {isa = PBXFileReference; explicitFileType = wrapper.application; includeInIndex = 0; path = "soccer-macosx.app"; sourceTree = BUILT_PRODUCTS_DIR; };
		42C932C01491A0DB0098216A /* Cocoa.framework */ = {isa = PBXFileReference; lastKnownFileType = wrapper.framework; name = Cocoa.framework; path = System/Library/Frameworks/Cocoa.framework; sourceTree = SDKROOT; };
		42C932ED1491A4CB0098216A /* icon.png */ = {isa = PBXFileReference; lastKnownFileType = image.png; path = icon.png; sourceTree = "<group>"; };
		42C932EF1491A5160098216A /* SimpleSoccer.cpp */ = {isa = PBXFileReference; fileEncoding = 4; lastKnownFileType = sourcecode.cpp.cpp; name = SimpleSoccer.cpp; path = src/SimpleSoccer.cpp; sourceTree = SOURCE_ROOT; };
		42C932F01491A5160098216A /* SimpleSoccer.h */ = {isa = PBXFileReference; fileEncoding = 4; lastKnownFileType = sourcecode.c.h; name = SimpleSoccer.h; path = src/SimpleSoccer.h; sourceTree = SOURCE_ROOT; };
		42C932F21491A53E0098216A /* res */ = {isa = PBXFileReference; lastKnownFileType = folder; path = res; sourceTree = "<group>"; };
		42C933161491A5EB0098216A /* OpenGL.framework */ = {isa = PBXFileReference; lastKnownFileType = wrapper.framework; name = OpenGL.framework; path = System/Library/Frameworks/OpenGL.framework; sourceTree = SDKROOT; };
		42C9331C1491A6750098216A /* QuartzCore.framework */ = {isa = PBXFileReference; lastKnownFileType = wrapper.framework; name = QuartzCore.framework; path = System/Library/Frameworks/QuartzCore.framework; sourceTree = SDKROOT; };
		42C9331E1491A67F0098216A /* OpenAL.framework */ = {isa = PBXFileReference; lastKnownFileType = wrapper.framework; name = OpenAL.framework; path = System/Library/Frameworks/OpenAL.framework; sourceTree = SDKROOT; };
		42C9332D1491A7810098216A /* libz.dylib */ = {isa = PBXFileReference; lastKnownFileType = "compiled.mach-o.dylib"; name = libz.dylib; path = usr/lib/libz.dylib; sourceTree = SDKROOT; };
		5B61611214CCC2200073B857 /* soccer-macosx.plist */ = {isa = PBXFileReference; fileEncoding = 4; lastKnownFileType = text.plist.xml; path = "soccer-macosx.plist"; sourceTree = "<group>"; };
		5B61612C14CCC24C0073B857 /* soccer-ios.app */ = {isa = PBXFileReference; explicitFileType = wrapper.application; includeInIndex = 0; path = "soccer-ios.app"; sourceTree = BUILT_PRODUCTS_DIR; };
		5B61612E14CCC24D0073B857 /* soccer-ios.plist */ = {isa = PBXFileReference; lastKnownFileType = text.plist.xml; path = "soccer-ios.plist"; sourceTree = "<group>"; };
		5BC4E77F150F879E00CBE1C0 /* gameplay.xcodeproj */ = {isa = PBXFileReference; lastKnownFileType = "wrapper.pb-project"; name = gameplay.xcodeproj; path = ../../../../blackberry/GamePlay/gameplay/gameplay.xcodeproj; sourceTree = SOURCE_ROOT; };
		5BC4E849150F911D00CBE1C0 /* shaders */ = {isa = PBXFileReference; lastKnownFileType = text; name = shaders; path = ../../../../blackberry/GamePlay/gameplay/res/shaders; sourceTree = SOURCE_ROOT; };
/* End PBXFileReference section */

/* Begin PBXFrameworksBuildPhase section */
		42C932B91491A0DB0098216A /* Frameworks */ = {
			isa = PBXFrameworksBuildPhase;
			buildActionMask = 2147483647;
			files = (
				421539CA16ADC583001308A3 /* libgameplay.a in Frameworks */,
				420EBD2F195534910067FBAD /* libBulletDynamics.a in Frameworks */,
				420EBD2E195534910067FBAD /* libBulletCollision.a in Frameworks */,
				42049B6516ADBC47005DD1F9 /* liblua.a in Frameworks */,
				42049B6F16ADBC7A005DD1F9 /* libpng.a in Frameworks */,
				421090FA1829A5AE00761E40 /* GameKit.framework in Frameworks */,
				42049B6A16ADBC63005DD1F9 /* libogg.a in Frameworks */,
				42049B6B16ADBC63005DD1F9 /* libvorbis.a in Frameworks */,
				42C9332F1491A78D0098216A /* libz.dylib in Frameworks */,
				424CC03C161FCBDD00577827 /* IOKit.framework in Frameworks */,
				42C932C11491A0DB0098216A /* Cocoa.framework in Frameworks */,
				42C9331D1491A6750098216A /* QuartzCore.framework in Frameworks */,
				420EBD30195534910067FBAD /* libLinearMath.a in Frameworks */,
				42C933171491A5EB0098216A /* OpenGL.framework in Frameworks */,
				42C9331F1491A67F0098216A /* OpenAL.framework in Frameworks */,
			);
			runOnlyForDeploymentPostprocessing = 0;
		};
		5B61611714CCC24C0073B857 /* Frameworks */ = {
			isa = PBXFrameworksBuildPhase;
			buildActionMask = 2147483647;
			files = (
				BDBFA8611883491700342B78 /* libgameplay.a in Frameworks */,
				42049B7316ADBCAB005DD1F9 /* liblua.a in Frameworks */,
				422E8EFF19586822001DE81F /* libBulletDynamics.a in Frameworks */,
				42049B7116ADBC8B005DD1F9 /* libpng.a in Frameworks */,
				42049B7816ADBCC3005DD1F9 /* libogg.a in Frameworks */,
				42049B7916ADBCC3005DD1F9 /* libvorbis.a in Frameworks */,
				42049B5F16ADBBF5005DD1F9 /* libz.dylib in Frameworks */,
				42049B5816ADBB61005DD1F9 /* CoreMotion.framework in Frameworks */,
				42049B5916ADBB61005DD1F9 /* Foundation.framework in Frameworks */,
				422E8EFE19586822001DE81F /* libBulletCollision.a in Frameworks */,
				422E8F0019586822001DE81F /* libLinearMath.a in Frameworks */,
				421090FC1829A5BF00761E40 /* GameKit.framework in Frameworks */,
				42049B5A16ADBB61005DD1F9 /* OpenAL.framework in Frameworks */,
				42049B5B16ADBB61005DD1F9 /* OpenGLES.framework in Frameworks */,
				42049B5C16ADBB61005DD1F9 /* QuartzCore.framework in Frameworks */,
				42049B5D16ADBB61005DD1F9 /* UIKit.framework in Frameworks */,
			);
			runOnlyForDeploymentPostprocessing = 0;
		};
/* End PBXFrameworksBuildPhase section */

/* Begin PBXGroup section */
		1DA064FC1A03C97F001BF331 /* 2D */ = {
			isa = PBXGroup;
			children = (
				1DA064FD1A03C97F001BF331 /* C2DMatrix.h */,
				1DA064FE1A03C97F001BF331 /* Geometry.h */,
				1DA064FF1A03C97F001BF331 /* InvertedAABBox2D.h */,
				1DA065001A03C97F001BF331 /* Transformations.h */,
				1DA065011A03C97F001BF331 /* Vector2D.cpp */,
				1DA065021A03C97F001BF331 /* Vector2D.h */,
				1DA065031A03C97F001BF331 /* Wall2D.h */,
				1DA065041A03C97F001BF331 /* WallIntersectionTests.h */,
			);
			path = 2D;
			sourceTree = "<group>";
		};
		1DA0650A1A03C97F001BF331 /* FSM */ = {
			isa = PBXGroup;
			children = (
				1DA0650B1A03C97F001BF331 /* State.h */,
				1DA0650C1A03C97F001BF331 /* StateMachine.h */,
			);
			path = FSM;
			sourceTree = "<group>";
		};
		1DA0650D1A03C97F001BF331 /* Game */ = {
			isa = PBXGroup;
			children = (
				1DA0650E1A03C97F001BF331 /* BaseGameEntity.cpp */,
				1DA0650F1A03C97F001BF331 /* BaseGameEntity.h */,
				1DA065101A03C97F001BF331 /* EntityFunctionTemplates.h */,
				1DA065111A03C97F001BF331 /* EntityManager.cpp */,
				1DA065121A03C97F001BF331 /* EntityManager.h */,
				1DA065131A03C97F001BF331 /* MovingEntity.h */,
				1DA065141A03C97F001BF331 /* Region.h */,
			);
			path = Game;
			sourceTree = "<group>";
		};
		1DA0651D1A03C97F001BF331 /* Messaging */ = {
			isa = PBXGroup;
			children = (
				1DA0651E1A03C97F001BF331 /* MessageDispatcher.cpp */,
				1DA0651F1A03C97F001BF331 /* MessageDispatcher.h */,
				1DA065201A03C97F001BF331 /* Telegram.h */,
			);
			path = Messaging;
			sourceTree = "<group>";
		};
		1DA065211A03C97F001BF331 /* misc */ = {
			isa = PBXGroup;
			children = (
				1DA065221A03C97F001BF331 /* autolist.h */,
				1DA065231A03C97F001BF331 /* CellSpacePartition.h */,
				1DA065241A03C97F001BF331 /* FrameCounter.cpp */,
				1DA065251A03C97F001BF331 /* FrameCounter.h */,
				1DA065261A03C97F001BF331 /* iniFileLoaderBase.cpp */,
				1DA065271A03C97F001BF331 /* iniFileLoaderBase.h */,
				1DA065281A03C97F001BF331 /* PriorityQueue.h */,
				1DA065291A03C97F001BF331 /* Smoother.h */,
				1DA0652A1A03C97F001BF331 /* Stream_Utility_Functions.h */,
				1DA0652B1A03C97F001BF331 /* TypeToString.h */,
				1DA0652C1A03C97F001BF331 /* utils.h */,
			);
			path = misc;
			sourceTree = "<group>";
		};
		1DA065401A03C97F001BF331 /* Time */ = {
			isa = PBXGroup;
			children = (
				1DA065601A03F973001BF331 /* Regulator.h */,
			);
			path = Time;
			sourceTree = "<group>";
		};
		42C932B11491A0DB0098216A = {
			isa = PBXGroup;
			children = (
				42049B7C16ADBCDB005DD1F9 /* Default-568h@2x.png */,
				5B61611214CCC2200073B857 /* soccer-macosx.plist */,
				5B61612E14CCC24D0073B857 /* soccer-ios.plist */,
				42C932ED1491A4CB0098216A /* icon.png */,
				428F7BDD15CB131A009ED24C /* game.config */,
				42C932F21491A53E0098216A /* res */,
				42C932C61491A0DB0098216A /* src */,
				42C932DD1491A1050098216A /* Libraries */,
				42C932BF1491A0DB0098216A /* Frameworks */,
				42C932BD1491A0DB0098216A /* Products */,
			);
			sourceTree = "<group>";
		};
		42C932BD1491A0DB0098216A /* Products */ = {
			isa = PBXGroup;
			children = (
				42C932BC1491A0DB0098216A /* soccer-macosx.app */,
				5B61612C14CCC24C0073B857 /* soccer-ios.app */,
			);
			name = Products;
			sourceTree = "<group>";
		};
		42C932BF1491A0DB0098216A /* Frameworks */ = {
			isa = PBXGroup;
			children = (
				5B61613A14CCC3590073B857 /* MacOSX */,
				5B61613914CCC3560073B857 /* iOS */,
			);
			name = Frameworks;
			sourceTree = "<group>";
		};
		42C932C61491A0DB0098216A /* src */ = {
			isa = PBXGroup;
			children = (
				1DA064FC1A03C97F001BF331 /* 2D */,
				1DA065051A03C97F001BF331 /* constants.h */,
				1DA065061A03C97F001BF331 /* FieldPlayer.cpp */,
				1DA065071A03C97F001BF331 /* FieldPlayer.h */,
				1DA065081A03C97F001BF331 /* FieldPlayerStates.cpp */,
				1DA065091A03C97F001BF331 /* FieldPlayerStates.h */,
				1DA0650A1A03C97F001BF331 /* FSM */,
				1DA0650D1A03C97F001BF331 /* Game */,
				1DA065151A03C97F001BF331 /* Goal.cpp */,
				1DA065161A03C97F001BF331 /* Goal.h */,
				1DA065171A03C97F001BF331 /* Goalkeeper.cpp */,
				1DA065181A03C97F001BF331 /* Goalkeeper.h */,
				1DA065191A03C97F001BF331 /* GoalKeeperStates.cpp */,
				1DA0651A1A03C97F001BF331 /* GoalKeeperStates.h */,
				1DA0651B1A03C97F001BF331 /* Logger.cpp */,
				1DA0651C1A03C97F001BF331 /* Logger.h */,
				1DA0651D1A03C97F001BF331 /* Messaging */,
				1DA065211A03C97F001BF331 /* misc */,
				1DA0652D1A03C97F001BF331 /* ParamLoader.cpp */,
				1DA0652E1A03C97F001BF331 /* ParamLoader.h */,
				1DA0652F1A03C97F001BF331 /* PlayerBase.cpp */,
				1DA065301A03C97F001BF331 /* PlayerBase.h */,
				1DA065311A03C97F001BF331 /* resource.h */,
				1DA065321A03C97F001BF331 /* SoccerBall.cpp */,
				1DA065331A03C97F001BF331 /* SoccerBall.h */,
				1DA065341A03C97F001BF331 /* SoccerMessages.cpp */,
				1DA065351A03C97F001BF331 /* SoccerMessages.h */,
				1DA065361A03C97F001BF331 /* SoccerPitch.cpp */,
				1DA065371A03C97F001BF331 /* SoccerPitch.h */,
				1DA065381A03C97F001BF331 /* SoccerTeam.cpp */,
				1DA065391A03C97F001BF331 /* SoccerTeam.h */,
				1DA0653A1A03C97F001BF331 /* SteeringBehaviors.cpp */,
				1DA0653B1A03C97F001BF331 /* SteeringBehaviors.h */,
				1DA0653C1A03C97F001BF331 /* SupportSpotCalculator.cpp */,
				1DA0653D1A03C97F001BF331 /* SupportSpotCalculator.h */,
				1DA0653E1A03C97F001BF331 /* TeamStates.cpp */,
				1DA0653F1A03C97F001BF331 /* TeamStates.h */,
				1DA065401A03C97F001BF331 /* Time */,
				42C932EF1491A5160098216A /* SimpleSoccer.cpp */,
				42C932F01491A5160098216A /* SimpleSoccer.h */,
			);
			path = src;
			sourceTree = "<group>";
		};
		42C932DD1491A1050098216A /* Libraries */ = {
			isa = PBXGroup;
			children = (
				5BC4E825150F8CE600CBE1C0 /* GamePlay */,
				F1F49B8516AD8C22008715A2 /* MacOSX */,
				F1F49B8716AD8C30008715A2 /* iOS */,
			);
			name = Libraries;
			sourceTree = "<group>";
		};
		5B61613914CCC3560073B857 /* iOS */ = {
			isa = PBXGroup;
			children = (
				421090FB1829A5BF00761E40 /* GameKit.framework */,
				42049B5216ADBB61005DD1F9 /* CoreMotion.framework */,
				42049B5316ADBB61005DD1F9 /* Foundation.framework */,
				42049B5416ADBB61005DD1F9 /* OpenAL.framework */,
				42049B5516ADBB61005DD1F9 /* OpenGLES.framework */,
				42049B5616ADBB61005DD1F9 /* QuartzCore.framework */,
				42049B5716ADBB61005DD1F9 /* UIKit.framework */,
			);
			name = iOS;
			sourceTree = "<group>";
		};
		5B61613A14CCC3590073B857 /* MacOSX */ = {
			isa = PBXGroup;
			children = (
				421090F91829A5AE00761E40 /* GameKit.framework */,
				424CC03B161FCBDD00577827 /* IOKit.framework */,
				42C932C01491A0DB0098216A /* Cocoa.framework */,
				42C9331C1491A6750098216A /* QuartzCore.framework */,
				42C933161491A5EB0098216A /* OpenGL.framework */,
				42C9331E1491A67F0098216A /* OpenAL.framework */,
			);
			name = MacOSX;
			sourceTree = "<group>";
		};
		5BC4E825150F8CE600CBE1C0 /* GamePlay */ = {
			isa = PBXGroup;
			children = (
				5BC4E77F150F879E00CBE1C0 /* gameplay.xcodeproj */,
				5BC4E849150F911D00CBE1C0 /* shaders */,
			);
			name = GamePlay;
			sourceTree = "<group>";
		};
		BDBFA857188347B000342B78 /* Products */ = {
			isa = PBXGroup;
			children = (
				BDBFA85C188347B000342B78 /* libgameplay.a */,
				BDBFA85E188347B000342B78 /* libgameplay.a */,
			);
			name = Products;
			sourceTree = "<group>";
		};
		F1F49B8516AD8C22008715A2 /* MacOSX */ = {
			isa = PBXGroup;
			children = (
				421539C916ADC583001308A3 /* libgameplay.a */,
				420EBD2B195534910067FBAD /* libBulletCollision.a */,
				420EBD2C195534910067FBAD /* libBulletDynamics.a */,
				420EBD2D195534910067FBAD /* libLinearMath.a */,
				42049B6416ADBC47005DD1F9 /* liblua.a */,
				42049B6E16ADBC7A005DD1F9 /* libpng.a */,
				42049B6616ADBC63005DD1F9 /* libogg.a */,
				42049B6716ADBC63005DD1F9 /* libvorbis.a */,
				42C9332D1491A7810098216A /* libz.dylib */,
			);
			name = MacOSX;
			sourceTree = "<group>";
		};
		F1F49B8716AD8C30008715A2 /* iOS */ = {
			isa = PBXGroup;
			children = (
				421539CC16ADC592001308A3 /* libgameplay.a */,
				422E8EFB19586822001DE81F /* libBulletCollision.a */,
				422E8EFC19586822001DE81F /* libBulletDynamics.a */,
				422E8EFD19586822001DE81F /* libLinearMath.a */,
				42049B7216ADBCAB005DD1F9 /* liblua.a */,
				42049B7016ADBC8B005DD1F9 /* libpng.a */,
				42049B7416ADBCC3005DD1F9 /* libogg.a */,
				42049B7516ADBCC3005DD1F9 /* libvorbis.a */,
				42049B5E16ADBBF5005DD1F9 /* libz.dylib */,
			);
			name = iOS;
			sourceTree = "<group>";
		};
/* End PBXGroup section */

/* Begin PBXNativeTarget section */
		42C932BB1491A0DB0098216A /* soccer-macosx */ = {
			isa = PBXNativeTarget;
			buildConfigurationList = 42C932DA1491A0DB0098216A /* Build configuration list for PBXNativeTarget "soccer-macosx" */;
			buildPhases = (
				42C932B81491A0DB0098216A /* Sources */,
				42C932B91491A0DB0098216A /* Frameworks */,
				42C933301491A7B50098216A /* ShellScript */,
				42C932BA1491A0DB0098216A /* Resources */,
			);
			buildRules = (
			);
			dependencies = (
			);
			name = "soccer-macosx";
			productName = soccer;
			productReference = 42C932BC1491A0DB0098216A /* soccer-macosx.app */;
			productType = "com.apple.product-type.application";
		};
		5B61611414CCC24C0073B857 /* soccer-ios */ = {
			isa = PBXNativeTarget;
			buildConfigurationList = 5B61612914CCC24C0073B857 /* Build configuration list for PBXNativeTarget "soccer-ios" */;
			buildPhases = (
				5B61611514CCC24C0073B857 /* Sources */,
				5B61611714CCC24C0073B857 /* Frameworks */,
				5B61612414CCC24C0073B857 /* ShellScript */,
				5B61612514CCC24C0073B857 /* Resources */,
			);
			buildRules = (
			);
			dependencies = (
				BDBFA8601883490A00342B78 /* PBXTargetDependency */,
			);
			name = "soccer-ios";
			productName = soccer;
			productReference = 5B61612C14CCC24C0073B857 /* soccer-ios.app */;
			productType = "com.apple.product-type.application";
		};
/* End PBXNativeTarget section */

/* Begin PBXProject section */
		42C932B31491A0DB0098216A /* Project object */ = {
			isa = PBXProject;
			attributes = {
				LastUpgradeCheck = 0600;
			};
			buildConfigurationList = 42C932B61491A0DB0098216A /* Build configuration list for PBXProject "soccer" */;
			compatibilityVersion = "Xcode 3.2";
			developmentRegion = English;
			hasScannedForEncodings = 0;
			knownRegions = (
				en,
			);
			mainGroup = 42C932B11491A0DB0098216A;
			productRefGroup = 42C932BD1491A0DB0098216A /* Products */;
			projectDirPath = "";
			projectReferences = (
				{
					ProductGroup = BDBFA857188347B000342B78 /* Products */;
					ProjectRef = 5BC4E77F150F879E00CBE1C0 /* gameplay.xcodeproj */;
				},
			);
			projectRoot = "";
			targets = (
				42C932BB1491A0DB0098216A /* soccer-macosx */,
				5B61611414CCC24C0073B857 /* soccer-ios */,
			);
		};
/* End PBXProject section */

/* Begin PBXReferenceProxy section */
		BDBFA85C188347B000342B78 /* libgameplay.a */ = {
			isa = PBXReferenceProxy;
			fileType = archive.ar;
			path = libgameplay.a;
			remoteRef = BDBFA85B188347B000342B78 /* PBXContainerItemProxy */;
			sourceTree = BUILT_PRODUCTS_DIR;
		};
		BDBFA85E188347B000342B78 /* libgameplay.a */ = {
			isa = PBXReferenceProxy;
			fileType = archive.ar;
			path = libgameplay.a;
			remoteRef = BDBFA85D188347B000342B78 /* PBXContainerItemProxy */;
			sourceTree = BUILT_PRODUCTS_DIR;
		};
/* End PBXReferenceProxy section */

/* Begin PBXResourcesBuildPhase section */
		42C932BA1491A0DB0098216A /* Resources */ = {
			isa = PBXResourcesBuildPhase;
			buildActionMask = 2147483647;
			files = (
				42C932EE1491A4CB0098216A /* icon.png in Resources */,
				428F7BDE15CB131A009ED24C /* game.config in Resources */,
				42C932F31491A53E0098216A /* res in Resources */,
			);
			runOnlyForDeploymentPostprocessing = 0;
		};
		5B61612514CCC24C0073B857 /* Resources */ = {
			isa = PBXResourcesBuildPhase;
			buildActionMask = 2147483647;
			files = (
				5B61612614CCC24C0073B857 /* icon.png in Resources */,
				5B61612714CCC24C0073B857 /* res in Resources */,
				42049B7D16ADBCDB005DD1F9 /* Default-568h@2x.png in Resources */,
			);
			runOnlyForDeploymentPostprocessing = 0;
		};
/* End PBXResourcesBuildPhase section */

/* Begin PBXShellScriptBuildPhase section */
		42C933301491A7B50098216A /* ShellScript */ = {
			isa = PBXShellScriptBuildPhase;
			buildActionMask = 2147483647;
			files = (
			);
			inputPaths = (
			);
			outputPaths = (
			);
			runOnlyForDeploymentPostprocessing = 0;
			shellPath = /bin/sh;
			shellScript = "rsync -rau ../../../../blackberry/GamePlay/gameplay/res/shaders ${SRCROOT}/res\nrsync -rau ../../../../blackberry/GamePlay/gameplay/res/ui ${SRCROOT}/res\ncp -rf ../../../../blackberry/GamePlay/gameplay/res/logo_powered_white.png ${SRCROOT}/res\ntouch -cm ${SRCROOT}/res";
		};
		5B61612414CCC24C0073B857 /* ShellScript */ = {
			isa = PBXShellScriptBuildPhase;
			buildActionMask = 2147483647;
			files = (
			);
			inputPaths = (
			);
			outputPaths = (
			);
			runOnlyForDeploymentPostprocessing = 0;
			shellPath = /bin/sh;
			shellScript = "rsync -rau ../../../../blackberry/GamePlay/gameplay/res/shaders ${SRCROOT}/res\nrsync -rau ../../../../blackberry/GamePlay/gameplay/res/ui ${SRCROOT}/res\ncp -rf ../../../../blackberry/GamePlay/gameplay/res/logo_powered_white.png ${SRCROOT}/res\ntouch -cm ${SRCROOT}/res";
		};
/* End PBXShellScriptBuildPhase section */

/* Begin PBXSourcesBuildPhase section */
		42C932B81491A0DB0098216A /* Sources */ = {
			isa = PBXSourcesBuildPhase;
			buildActionMask = 2147483647;
			files = (
				1DA065501A03C97F001BF331 /* FrameCounter.cpp in Sources */,
				1DA065551A03C97F001BF331 /* SoccerMessages.cpp in Sources */,
				1DA065581A03C97F001BF331 /* SteeringBehaviors.cpp in Sources */,
				1DA0654F1A03C97F001BF331 /* MessageDispatcher.cpp in Sources */,
				1DA065561A03C97F001BF331 /* SoccerPitch.cpp in Sources */,
				1DA0654D1A03C97F001BF331 /* GoalKeeperStates.cpp in Sources */,
				1DA065571A03C97F001BF331 /* SoccerTeam.cpp in Sources */,
				1DA065511A03C97F001BF331 /* iniFileLoaderBase.cpp in Sources */,
				1DA0655A1A03C97F001BF331 /* TeamStates.cpp in Sources */,
				1DA065521A03C97F001BF331 /* ParamLoader.cpp in Sources */,
				1DA0654E1A03C97F001BF331 /* Logger.cpp in Sources */,
				1DA065491A03C97F001BF331 /* BaseGameEntity.cpp in Sources */,
				1DA065461A03C97F001BF331 /* Vector2D.cpp in Sources */,
				1DA065471A03C97F001BF331 /* FieldPlayer.cpp in Sources */,
				1DA065541A03C97F001BF331 /* SoccerBall.cpp in Sources */,
				42C932F11491A5160098216A /* SimpleSoccer.cpp in Sources */,
				1DA0654B1A03C97F001BF331 /* Goal.cpp in Sources */,
				1DA0654A1A03C97F001BF331 /* EntityManager.cpp in Sources */,
				1DA065591A03C97F001BF331 /* SupportSpotCalculator.cpp in Sources */,
				1DA0654C1A03C97F001BF331 /* Goalkeeper.cpp in Sources */,
				1DA065481A03C97F001BF331 /* FieldPlayerStates.cpp in Sources */,
				1DA065531A03C97F001BF331 /* PlayerBase.cpp in Sources */,
			);
			runOnlyForDeploymentPostprocessing = 0;
		};
		5B61611514CCC24C0073B857 /* Sources */ = {
			isa = PBXSourcesBuildPhase;
			buildActionMask = 2147483647;
			files = (
				5B61611614CCC24C0073B857 /* SimpleSoccer.cpp in Sources */,
			);
			runOnlyForDeploymentPostprocessing = 0;
		};
/* End PBXSourcesBuildPhase section */

/* Begin PBXTargetDependency section */
		BDBFA8601883490A00342B78 /* PBXTargetDependency */ = {
			isa = PBXTargetDependency;
			name = "gameplay-ios";
			targetProxy = BDBFA85F1883490A00342B78 /* PBXContainerItemProxy */;
		};
/* End PBXTargetDependency section */

/* Begin XCBuildConfiguration section */
		42C932D81491A0DB0098216A /* Debug */ = {
			isa = XCBuildConfiguration;
			buildSettings = {
				ALWAYS_SEARCH_USER_PATHS = NO;
				CLANG_CXX_LANGUAGE_STANDARD = "c++0x";
				CLANG_CXX_LIBRARY = "libc++";
				CLANG_WARN_BOOL_CONVERSION = YES;
				CLANG_WARN_CONSTANT_CONVERSION = YES;
				CLANG_WARN_EMPTY_BODY = YES;
				CLANG_WARN_ENUM_CONVERSION = YES;
				CLANG_WARN_INT_CONVERSION = YES;
				CLANG_WARN_UNREACHABLE_CODE = YES;
				CLANG_WARN__DUPLICATE_METHOD_MATCH = YES;
				COPY_PHASE_STRIP = NO;
				ENABLE_STRICT_OBJC_MSGSEND = YES;
				GCC_C_LANGUAGE_STANDARD = gnu99;
				GCC_DYNAMIC_NO_PIC = NO;
				GCC_ENABLE_OBJC_EXCEPTIONS = YES;
				GCC_OPTIMIZATION_LEVEL = 0;
				GCC_PREPROCESSOR_DEFINITIONS = (
					"DEBUG=1",
					"$(inherited)",
				);
				GCC_SYMBOLS_PRIVATE_EXTERN = NO;
				GCC_VERSION = com.apple.compilers.llvm.clang.1_0;
				GCC_WARN_64_TO_32_BIT_CONVERSION = YES;
				GCC_WARN_ABOUT_MISSING_PROTOTYPES = YES;
				GCC_WARN_ABOUT_RETURN_TYPE = YES;
				GCC_WARN_UNDECLARED_SELECTOR = YES;
				GCC_WARN_UNINITIALIZED_AUTOS = YES;
				GCC_WARN_UNUSED_FUNCTION = YES;
				GCC_WARN_UNUSED_VARIABLE = YES;
				GENERATE_PKGINFO_FILE = YES;
				INFOPLIST_FILE = "soccer-macosx.plist";
				MACOSX_DEPLOYMENT_TARGET = 10.9;
				ONLY_ACTIVE_ARCH = YES;
				PRODUCT_NAME = "$(TARGET_NAME)";
				SDKROOT = macosx;
				VALID_ARCHS = "armv7 armv7s arm64 i386 x86_64";
			};
			name = Debug;
		};
		42C932D91491A0DB0098216A /* Release */ = {
			isa = XCBuildConfiguration;
			buildSettings = {
				ALWAYS_SEARCH_USER_PATHS = NO;
				CLANG_CXX_LANGUAGE_STANDARD = "c++0x";
				CLANG_CXX_LIBRARY = "libc++";
				CLANG_WARN_BOOL_CONVERSION = YES;
				CLANG_WARN_CONSTANT_CONVERSION = YES;
				CLANG_WARN_EMPTY_BODY = YES;
				CLANG_WARN_ENUM_CONVERSION = YES;
				CLANG_WARN_INT_CONVERSION = YES;
				CLANG_WARN_UNREACHABLE_CODE = YES;
				CLANG_WARN__DUPLICATE_METHOD_MATCH = YES;
				COPY_PHASE_STRIP = YES;
				DEBUG_INFORMATION_FORMAT = "dwarf-with-dsym";
				ENABLE_STRICT_OBJC_MSGSEND = YES;
				GCC_C_LANGUAGE_STANDARD = gnu99;
				GCC_ENABLE_OBJC_EXCEPTIONS = YES;
				GCC_VERSION = com.apple.compilers.llvm.clang.1_0;
				GCC_WARN_64_TO_32_BIT_CONVERSION = YES;
				GCC_WARN_ABOUT_MISSING_PROTOTYPES = YES;
				GCC_WARN_ABOUT_RETURN_TYPE = YES;
				GCC_WARN_UNDECLARED_SELECTOR = YES;
				GCC_WARN_UNINITIALIZED_AUTOS = YES;
				GCC_WARN_UNUSED_FUNCTION = YES;
				GCC_WARN_UNUSED_VARIABLE = YES;
				GENERATE_PKGINFO_FILE = YES;
				INFOPLIST_FILE = "soccer-macosx.plist";
				MACOSX_DEPLOYMENT_TARGET = 10.9;
				PRODUCT_NAME = "$(TARGET_NAME)";
				SDKROOT = macosx;
				VALID_ARCHS = "armv7 armv7s arm64 i386 x86_64";
			};
			name = Release;
		};
		42C932DB1491A0DB0098216A /* Debug */ = {
			isa = XCBuildConfiguration;
			buildSettings = {
				CLANG_CXX_LANGUAGE_STANDARD = "c++0x";
				CLANG_CXX_LIBRARY = "libc++";
				COMBINE_HIDPI_IMAGES = YES;
				GCC_PRECOMPILE_PREFIX_HEADER = NO;
				GCC_WARN_64_TO_32_BIT_CONVERSION = NO;
				GCC_WARN_UNUSED_VARIABLE = NO;
				HEADER_SEARCH_PATHS = (
					../../../../blackberry/GamePlay/gameplay/src,
					"../../../../blackberry/GamePlay/external-deps/bullet/include",
					"../../../../blackberry/GamePlay/external-deps/lua/include",
					"../../../../blackberry/GamePlay/external-deps/png/include",
					"../../../../blackberry/GamePlay/external-deps/ogg/include",
					"../../../../blackberry/GamePlay/external-deps/vorbis/include",
				);
				INFOPLIST_FILE = "soccer-macosx.plist";
				LIBRARY_SEARCH_PATHS = (
					"$(inherited)",
					"../../../../blackberry/GamePlay/external-deps/bullet/lib/macosx/x64",
					"../../../../blackberry/GamePlay/external-deps/lua/lib/macosx/x64",
					"../../../../blackberry/GamePlay/external-deps/png/lib/macosx/x64",
					"../../../../blackberry/GamePlay/external-deps/ogg/lib/macosx/x64",
					"../../../../blackberry/GamePlay/external-deps/vorbis/lib/macosx/x64",
				);
				MACOSX_DEPLOYMENT_TARGET = 10.10;
				PRODUCT_NAME = "$(TARGET_NAME)";
				USER_HEADER_SEARCH_PATHS = src;
				VALID_ARCHS = x86_64;
				WRAPPER_EXTENSION = app;
			};
			name = Debug;
		};
		42C932DC1491A0DB0098216A /* Release */ = {
			isa = XCBuildConfiguration;
			buildSettings = {
				CLANG_CXX_LANGUAGE_STANDARD = "c++0x";
				CLANG_CXX_LIBRARY = "libc++";
				COMBINE_HIDPI_IMAGES = YES;
				GCC_PRECOMPILE_PREFIX_HEADER = NO;
				GCC_WARN_64_TO_32_BIT_CONVERSION = NO;
				GCC_WARN_UNUSED_VARIABLE = NO;
				HEADER_SEARCH_PATHS = (
					../../../../blackberry/GamePlay/gameplay/src,
					"../../../../blackberry/GamePlay/external-deps/bullet/include",
					"../../../../blackberry/GamePlay/external-deps/lua/include",
					"../../../../blackberry/GamePlay/external-deps/png/include",
					"../../../../blackberry/GamePlay/external-deps/ogg/include",
					"../../../../blackberry/GamePlay/external-deps/vorbis/include",
				);
				INFOPLIST_FILE = "soccer-macosx.plist";
				LIBRARY_SEARCH_PATHS = (
					"$(inherited)",
					"../../../../blackberry/GamePlay/external-deps/bullet/lib/macosx/x64",
					"../../../../blackberry/GamePlay/external-deps/lua/lib/macosx/x64",
					"../../../../blackberry/GamePlay/external-deps/png/lib/macosx/x64",
					"../../../../blackberry/GamePlay/external-deps/ogg/lib/macosx/x64",
					"../../../../blackberry/GamePlay/external-deps/vorbis/lib/macosx/x64",
				);
				MACOSX_DEPLOYMENT_TARGET = 10.10;
				PRODUCT_NAME = "$(TARGET_NAME)";
				USER_HEADER_SEARCH_PATHS = src;
				VALID_ARCHS = x86_64;
				WRAPPER_EXTENSION = app;
			};
			name = Release;
		};
		5B61612A14CCC24C0073B857 /* Debug */ = {
			isa = XCBuildConfiguration;
			buildSettings = {
				CLANG_CXX_LANGUAGE_STANDARD = "c++0x";
				CLANG_CXX_LIBRARY = "libc++";
				CODE_SIGN_IDENTITY = "iPhone Developer";
				GCC_PRECOMPILE_PREFIX_HEADER = NO;
				GCC_WARN_64_TO_32_BIT_CONVERSION = NO;
				GCC_WARN_UNUSED_VARIABLE = NO;
				HEADER_SEARCH_PATHS = (
					"\"../../../../blackberry/GamePlay/gameplay/src\"",
					"../../../../blackberry/GamePlay/external-deps/bullet/include",
					"../../../../blackberry/GamePlay/external-deps/lua/include",
					"../../../../blackberry/GamePlay/external-deps/png/include",
					"../../../../blackberry/GamePlay/external-deps/ogg/include",
					"../../../../blackberry/GamePlay/external-deps/vorbis/include",
				);
				INFOPLIST_FILE = "soccer-ios.plist";
				IPHONEOS_DEPLOYMENT_TARGET = 8.1;
				LIBRARY_SEARCH_PATHS = (
					"$(inherited)",
					"\"../../../../blackberry/GamePlay/external-deps/bullet/lib/ios/$(CURRENT_ARCH)\"",
					"\"../../../../blackberry/GamePlay/external-deps/lua/lib/ios/$(CURRENT_ARCH)\"",
					"\"../../../../blackberry/GamePlay/external-deps/png/lib/ios/$(CURRENT_ARCH)\"",
					"\"../../../../blackberry/GamePlay/external-deps/ogg/lib/ios/$(CURRENT_ARCH)\"",
					"\"../../../../blackberry/GamePlay/external-deps/vorbis/lib/ios/$(CURRENT_ARCH)\"",
				);
				SDKROOT = iphoneos;
				TARGETED_DEVICE_FAMILY = "1,2";
				USER_HEADER_SEARCH_PATHS = "";
				VALID_ARCHS = "armv7 armv7s arm64";
				WRAPPER_EXTENSION = app;
			};
			name = Debug;
		};
		5B61612B14CCC24C0073B857 /* Release */ = {
			isa = XCBuildConfiguration;
			buildSettings = {
				CLANG_CXX_LANGUAGE_STANDARD = "c++0x";
				CLANG_CXX_LIBRARY = "libc++";
				CODE_SIGN_IDENTITY = "iPhone Developer";
				GCC_PRECOMPILE_PREFIX_HEADER = NO;
				GCC_WARN_64_TO_32_BIT_CONVERSION = NO;
				GCC_WARN_UNUSED_VARIABLE = NO;
				HEADER_SEARCH_PATHS = (
					"\"../../../../blackberry/GamePlay/gameplay/src\"",
					"../../../../blackberry/GamePlay/external-deps/bullet/include",
					"../../../../blackberry/GamePlay/external-deps/lua/include",
					"../../../../blackberry/GamePlay/external-deps/png/include",
					"../../../../blackberry/GamePlay/external-deps/oggvorbis/include",
				);
				INFOPLIST_FILE = "soccer-ios.plist";
				IPHONEOS_DEPLOYMENT_TARGET = 8.1;
				LIBRARY_SEARCH_PATHS = (
					"$(inherited)",
					"\"../../../../blackberry/GamePlay/external-deps/bullet/lib/ios/$(CURRENT_ARCH)\"",
					"\"../../../../blackberry/GamePlay/external-deps/lua/lib/ios/$(CURRENT_ARCH)\"",
					"\"../../../../blackberry/GamePlay/external-deps/png/lib/ios/$(CURRENT_ARCH)\"",
					"\"../../../../blackberry/GamePlay/external-deps/ogg/lib/ios/$(CURRENT_ARCH)\"",
					"\"../../../../blackberry/GamePlay/external-deps/vorbis/lib/ios/$(CURRENT_ARCH)\"",
				);
				SDKROOT = iphoneos;
				TARGETED_DEVICE_FAMILY = "1,2";
				USER_HEADER_SEARCH_PATHS = "";
				VALID_ARCHS = "armv7 armv7s arm64";
				WRAPPER_EXTENSION = app;
			};
			name = Release;
		};
/* End XCBuildConfiguration section */

/* Begin XCConfigurationList section */
		42C932B61491A0DB0098216A /* Build configuration list for PBXProject "soccer" */ = {
			isa = XCConfigurationList;
			buildConfigurations = (
				42C932D81491A0DB0098216A /* Debug */,
				42C932D91491A0DB0098216A /* Release */,
			);
			defaultConfigurationIsVisible = 0;
			defaultConfigurationName = Release;
		};
		42C932DA1491A0DB0098216A /* Build configuration list for PBXNativeTarget "soccer-macosx" */ = {
			isa = XCConfigurationList;
			buildConfigurations = (
				42C932DB1491A0DB0098216A /* Debug */,
				42C932DC1491A0DB0098216A /* Release */,
			);
			defaultConfigurationIsVisible = 0;
			defaultConfigurationName = Release;
		};
		5B61612914CCC24C0073B857 /* Build configuration list for PBXNativeTarget "soccer-ios" */ = {
			isa = XCConfigurationList;
			buildConfigurations = (
				5B61612A14CCC24C0073B857 /* Debug */,
				5B61612B14CCC24C0073B857 /* Release */,
			);
			defaultConfigurationIsVisible = 0;
			defaultConfigurationName = Release;
		};
/* End XCConfigurationList section */
	};
	rootObject = 42C932B31491A0DB0098216A /* Project object */;
}
