<?xml version="1.0" encoding="utf-8"?>
<Project ToolsVersion="4.0" xmlns="http://schemas.microsoft.com/developer/msbuild/2003">
  <ItemGroup>
    <Filter Include="res">
    </Filter>
    <Filter Include="src">
    </Filter>
    <Filter Include="res\shaders">
      <UniqueIdentifier>{f54d3628-f193-4138-97ca-0ca3b34480d0}</UniqueIdentifier>
    </Filter>
  </ItemGroup>
  <ItemGroup>
    <None Include="game.config" />
    <None Include="icon.png" />
    <None Include="bar-descriptor.xml" />
    <None Include="res\demo.fbx">
      <Filter>res</Filter>
    </None>
    <None Include="res\demo.gpb">
      <Filter>res</Filter>
    </None>
    <None Include="res\demo.material">
      <Filter>res</Filter>
    </None>
    <None Include="res\demo.scene">
      <Filter>res</Filter>
    </None>
    <None Include="res\shaders\colored.frag">
      <Filter>res\shaders</Filter>
    </None>
    <None Include="res\shaders\colored.vert">
      <Filter>res\shaders</Filter>
    </None>
    <None Include="res\shaders\font.frag">
      <Filter>res\shaders</Filter>
    </None>
    <None Include="res\shaders\font.vert">
      <Filter>res\shaders</Filter>
    </None>
    <None Include="res\shaders\form.frag">
      <Filter>res\shaders</Filter>
    </None>
    <None Include="res\shaders\form.vert">
      <Filter>res\shaders</Filter>
    </None>
    <None Include="res\shaders\lighting.frag">
      <Filter>res\shaders</Filter>
    </None>
    <None Include="res\shaders\lighting.vert">
      <Filter>res\shaders</Filter>
    </None>
    <None Include="res\shaders\skinning.vert">
      <Filter>res\shaders</Filter>
    </None>
    <None Include="res\shaders\skinning-none.vert">
      <Filter>res\shaders</Filter>
    </None>
    <None Include="res\shaders\sprite.frag">
      <Filter>res\shaders</Filter>
    </None>
    <None Include="res\shaders\sprite.vert">
      <Filter>res\shaders</Filter>
    </None>
    <None Include="res\shaders\terrain.frag">
      <Filter>res\shaders</Filter>
    </None>
    <None Include="res\shaders\terrain.vert">
      <Filter>res\shaders</Filter>
    </None>
    <None Include="res\shaders\textured.frag">
      <Filter>res\shaders</Filter>
    </None>
    <None Include="res\shaders\textured.vert">
      <Filter>res\shaders</Filter>
    </None>
    <None Include="res\soccer.scene" />
    <None Include="res\ui.form" />
    <None Include="res\Params.ini" />
    <None Include="res\soccer.config" />
  </ItemGroup>
  <ItemGroup>
    <ClInclude Include="src\SimpleSoccer.h">
      <Filter>src</Filter>
    </ClInclude>
    <ClInclude Include="src\Messaging\MessageDispatcher.h" />
    <ClInclude Include="src\Messaging\Telegram.h" />
    <ClInclude Include="src\Game\BaseGameEntity.h" />
    <ClInclude Include="src\Game\EntityFunctionTemplates.h" />
    <ClInclude Include="src\Game\EntityManager.h" />
    <ClInclude Include="src\Game\MovingEntity.h" />
    <ClInclude Include="src\Game\Region.h" />
    <ClInclude Include="src\misc\autolist.h" />
    <ClInclude Include="src\misc\CellSpacePartition.h" />
    <ClInclude Include="src\misc\FrameCounter.h" />
    <ClInclude Include="src\misc\iniFileLoaderBase.h" />
    <ClInclude Include="src\misc\PriorityQueue.h" />
    <ClInclude Include="src\misc\Smoother.h" />
    <ClInclude Include="src\misc\Stream_Utility_Functions.h" />
    <ClInclude Include="src\misc\TypeToString.h" />
    <ClInclude Include="src\misc\utils.h" />
    <ClInclude Include="src\2D\C2DMatrix.h" />
    <ClInclude Include="src\2D\geometry.h" />
    <ClInclude Include="src\2D\InvertedAABBox2D.h" />
    <ClInclude Include="src\2D\Transformations.h" />
    <ClInclude Include="src\2D\Vector2D.h" />
    <ClInclude Include="src\2D\Wall2D.h" />
    <ClInclude Include="src\2D\WallIntersectionTests.h" />
    <ClInclude Include="src\constants.h" />
    <ClInclude Include="src\FieldPlayer.h" />
    <ClInclude Include="src\FieldPlayerStates.h" />
    <ClInclude Include="src\Goal.h" />
    <ClInclude Include="src\Goalkeeper.h" />
    <ClInclude Include="src\GoalKeeperStates.h" />
    <ClInclude Include="src\ParamLoader.h" />
    <ClInclude Include="src\PlayerBase.h" />
    <ClInclude Include="src\resource.h" />
    <ClInclude Include="src\SoccerBall.h" />
    <ClInclude Include="src\SoccerMessages.h" />
    <ClInclude Include="src\SoccerPitch.h" />
    <ClInclude Include="src\SoccerTeam.h" />
    <ClInclude Include="src\SteeringBehaviors.h" />
    <ClInclude Include="src\SupportSpotCalculator.h" />
    <ClInclude Include="src\TeamStates.h" />
    <ClInclude Include="src\FSM\State.h" />
    <ClInclude Include="src\FSM\StateMachine.h" />
    <ClInclude Include="src\Time\CrudeTimer.h" />
    <ClInclude Include="src\Time\PrecisionTimer.h" />
    <ClInclude Include="src\Time\Regulator.h" />
    <ClInclude Include="src\Logger.h" />
  </ItemGroup>
  <ItemGroup>
    <ClCompile Include="src\SimpleSoccer.cpp">
      <Filter>src</Filter>
    </ClCompile>
    <ClCompile Include="src\Messaging\MessageDispatcher.cpp" />
    <ClCompile Include="src\Game\BaseGameEntity.cpp" />
    <ClCompile Include="src\Game\EntityManager.cpp" />
    <ClCompile Include="src\misc\FrameCounter.cpp" />
    <ClCompile Include="src\misc\iniFileLoaderBase.cpp" />
    <ClCompile Include="src\2D\Vector2d.cpp" />
    <ClCompile Include="src\FieldPlayer.cpp" />
    <ClCompile Include="src\FieldPlayerStates.cpp" />
    <ClCompile Include="src\Goal.cpp" />
    <ClCompile Include="src\Goalkeeper.cpp" />
    <ClCompile Include="src\GoalKeeperStates.cpp" />
    <ClCompile Include="src\ParamLoader.cpp" />
    <ClCompile Include="src\PlayerBase.cpp" />
    <ClCompile Include="src\SoccerBall.cpp" />
    <ClCompile Include="src\SoccerMessages.cpp" />
    <ClCompile Include="src\SoccerPitch.cpp" />
    <ClCompile Include="src\SoccerTeam.cpp" />
    <ClCompile Include="src\SteeringBehaviors.cpp" />
    <ClCompile Include="src\SupportSpotCalculator.cpp" />
    <ClCompile Include="src\TeamStates.cpp" />
    <ClCompile Include="src\Time\CrudeTimer.cpp" />
    <ClCompile Include="src\Time\PrecisionTimer.cpp" />
    <ClCompile Include="src\Logger.cpp" />
  </ItemGroup>
  <ItemGroup>
    <Image Include="res\soccer_field2.png" />
  </ItemGroup>
</Project>